{
  "name": "@rari-capital/solmate",
  "version": "7.0.0-alpha.3",
  "lockfileVersion": 1,
  "requires": true,
  "dependencies": {
    "@solidity-parser/parser": {
      "version": "0.14.2",
      "resolved": "https://registry.npmjs.org/@solidity-parser/parser/-/parser-0.14.2.tgz",
      "integrity": "sha512-10cr0s+MtRtqjEw0WFJrm2rwULN30xx7btd/v9cmqME2617/2M5MbHDkFIGIGTa7lwNw4bN9mVGfhlLzrYw8pA==",
      "dev": true,
      "requires": {
        "antlr4ts": "^0.5.0-alpha.4"
      }
    },
    "ansi-regex": {
      "version": "5.0.1",
      "resolved": "https://registry.npmjs.org/ansi-regex/-/ansi-regex-5.0.1.tgz",
      "integrity": "sha512-quJQXlTSUGL2LH9SUXo8VwsY4soanhgo6LNSm84E1LBcE8s3O0wpdiRzyR9z/ZZJMlMWv37qOOb9pdJlMUEKFQ==",
      "dev": true
    },
    "antlr4ts": {
      "version": "0.5.0-alpha.4",
      "resolved": "https://registry.npmjs.org/antlr4ts/-/antlr4ts-0.5.0-alpha.4.tgz",
      "integrity": "sha512-WPQDt1B74OfPv/IMS2ekXAKkTZIHl88uMetg6q3OTqgFxZ/dxDXI0EWLyZid/1Pe6hTftyg5N7gel5wNAGxXyQ==",
      "dev": true
    },
    "emoji-regex": {
      "version": "10.1.0",
      "resolved": "https://registry.npmjs.org/emoji-regex/-/emoji-regex-10.1.0.tgz",
      "integrity": "sha512-xAEnNCT3w2Tg6MA7ly6QqYJvEoY1tm9iIjJ3yMKK9JPlWuRHAMoe5iETwQnx3M9TVbFMfsrBgWKR+IsmswwNjg==",
      "dev": true
    },
    "escape-string-regexp": {
      "version": "4.0.0",
      "resolved": "https://registry.npmjs.org/escape-string-regexp/-/escape-string-regexp-4.0.0.tgz",
      "integrity": "sha512-TtpcNJ3XAzx3Gq8sWRzJaVajRs0uVxA2YAkdb1jm2YkPz4G6egUFAyA3n5vtEIZefPk5Wa4UXbKuS5fKkJWdgA==",
      "dev": true
    },
    "is-fullwidth-code-point": {
      "version": "3.0.0",
      "resolved": "https://registry.npmjs.org/is-fullwidth-code-point/-/is-fullwidth-code-point-3.0.0.tgz",
      "integrity": "sha512-zymm5+u+sCsSWyD9qNaejV3DFvhCKclKdizYaJUuHA83RLjb7nSuGnddCHGv0hk+KY7BMAlsWeK4Ueg6EV6XQg==",
      "dev": true
    },
    "lru-cache": {
      "version": "6.0.0",
      "resolved": "https://registry.npmjs.org/lru-cache/-/lru-cache-6.0.0.tgz",
      "integrity": "sha512-Jo6dJ04CmSjuznwJSS3pUeWmd/H0ffTlkXXgwZi+eq1UCmqQwCh+eLsYOYCwY991i2Fah4h1BEMCx4qThGbsiA==",
      "dev": true,
      "requires": {
        "yallist": "^4.0.0"
      }
    },
    "prettier": {
      "version": "2.7.1",
      "resolved": "https://registry.npmjs.org/prettier/-/prettier-2.7.1.tgz",
      "integrity": "sha512-ujppO+MkdPqoVINuDFDRLClm7D78qbDt0/NR+wp5FqEZOoTNAjPHWj17QRhu7geIHJfcNhRk1XVQmF8Bp3ye+g==",
      "dev": true
    },
    "prettier-plugin-solidity": {
      "version": "1.0.0-beta.19",
      "resolved": "https://registry.npmjs.org/prettier-plugin-solidity/-/prettier-plugin-solidity-1.0.0-beta.19.tgz",
      "integrity": "sha512-xxRQ5ZiiZyUoMFLE9h7HnUDXI/daf1tnmL1msEdcKmyh7ZGQ4YklkYLC71bfBpYU2WruTb5/SFLUaEb3RApg5g==",
      "dev": true,
      "requires": {
        "@solidity-parser/parser": "^0.14.0",
        "emoji-regex": "^10.0.0",
        "escape-string-regexp": "^4.0.0",
        "semver": "^7.3.5",
        "solidity-comments-extractor": "^0.0.7",
        "string-width": "^4.2.3"
      }
    },
    "semver": {
      "version": "7.3.7",
      "resolved": "https://registry.npmjs.org/semver/-/semver-7.3.7.tgz",
      "integrity": "sha512-QlYTucUYOews+WeEujDoEGziz4K6c47V/Bd+LjSSYcA94p+DmINdf7ncaUinThfvZyu13lN9OY1XDxt8C0Tw0g==",
      "dev": true,
      "requires": {
        "lru-cache": "^6.0.0"
      }
    },
    "solidity-comments-extractor": {
      "version": "0.0.7",
      "resolved": "https://registry.npmjs.org/solidity-comments-extractor/-/solidity-comments-extractor-0.0.7.tgz",
      "integrity": "sha512-wciNMLg/Irp8OKGrh3S2tfvZiZ0NEyILfcRCXCD4mp7SgK/i9gzLfhY2hY7VMCQJ3kH9UB9BzNdibIVMchzyYw==",
      "dev": true
    },
    "string-width": {
      "version": "4.2.3",
      "resolved": "https://registry.npmjs.org/string-width/-/string-width-4.2.3.tgz",
      "integrity": "sha512-wKyQRQpjJ0sIp62ErSZdGsjMJWsap5oRNihHhu6G7JVO/9jIB6UyevL+tXuOqrng8j/cxKTWyWUwvSTriiZz/g==",
      "dev": true,
      "requires": {
        "emoji-regex": "^8.0.0",
        "is-fullwidth-code-point": "^3.0.0",
        "strip-ansi": "^6.0.1"
      },
      "dependencies": {
        "emoji-regex": {
          "version": "8.0.0",
          "resolved": "https://registry.npmjs.org/emoji-regex/-/emoji-regex-8.0.0.tgz",
          "integrity": "sha512-MSjYzcWNOA0ewAHpz0MxpYFvwg6yjy1NG3xteoqz644VCo/RPgnr1/GGt+ic3iJTzQ8Eu3TdM14SawnVUmGE6A==",
          "dev": true
        }
      }
    },
    "strip-ansi": {
      "version": "6.0.1",
      "resolved": "https://registry.npmjs.org/strip-ansi/-/strip-ansi-6.0.1.tgz",
      "integrity": "sha512-Y38VPSHcqkFrCpFnQ9vuSXmquuv5oXOKpGeT6aGrr3o3Gc9AlVa6JBfUSOCnbxGGZF+/0ooI7KrPuUSztUdU5A==",
      "dev": true,
      "requires": {
        "ansi-regex": "^5.0.1"
      }
    },
    "yallist": {
      "version": "4.0.0",
      "resolved": "https://registry.npmjs.org/yallist/-/yallist-4.0.0.tgz",
      "integrity": "sha512-3wdGidZyq5PB084XLES5TpOSRA3wjXAlIWMhum2kRcv/41Sn2emQ0dycQW4uZXLejwKvg6EsvbdlVL+FYEct7A==",
      "dev": true
    }
  }
}
